L01: 808bf4e81865c7be586521b0b9e23b5269ef8dc0465799def2855c9189f346a9
L02: 00bfa0fcdb74e2858bf711e9436593e33c410fb174406c1d3fda7220922dc95b
L03: dea1a74ec3929f0808e574516894c667899192212b609e6f2bd261c7d2409004
L04: e340380326f6ead1d90696e3412b6248c85e6c9ba8625cf4dd9ec8f854f5b3c2
L05: 999404cd503bfbbfdaadaf2445db6766fadad6f89aa4fc6b7954fb242e65b45a
L06: 0f09a00c1f111a2f87d38322eb1b975a93e3a2388fdcd0134b18baf095cbcfe4
L07: 0aa90da2aa4da6be2e724e38a654923a129ad2efebb4ad554e5e67c3bb639e1b
L08: 7b68db9c84b538e653aa0cd06ab39e06232ce23f5d3abaf7a9d7370f26247aec
