L01: c6d03b1371b3d90b9825ae57ca3e14b71cef0e989028df327aa09f78d1a4e826
L02: fd33a357f46f74c88196e5d4e1694965df5fce6a82ae1dd2a3822fec31c50c7b
L03: 3e3d83fc465fd05a906c33c1732624a959fd3d3bfad09458249314c24bffd5f4
L04: 60398e0382bf890991801ff3f56446d085f7f065699a80fe0d956328e5f9a62b
L05: 3e5feffedb4ac1e62ac951658bc4915e1801b8535a0aafc8bf29c7a21c68730b
L06: 5ec535048c85a2eb42c4f39db6eed62d768a7d53a6b66a76411815a30bd34fc4
L07: f3ef0850288cca765ebb3c27909d86c6a78cd0b7973ea461bf33c3bf0abc9241
L08: b3a83757bb500cb7ae2155294f79cdb2e01ebe84f863df044366dc2bc6cf8001
